<Solution>
  <Folder Name="/ISprint1Task0V14/">
    <Project Path="Tyuiu.SchechkaII.Sprint1.Task0.V14.Lib/Tyuiu.SchechkaII.Sprint1.Task0.V14.Lib.csproj" Id="a66676ea-dd50-4c0b-a8d0-5ae3e146c5ca" />
    <Project Path="Tyuiu.SchechkaII.Sprint1.Task0.V14/Tyuiu.SchechkaII.Sprint1.Task0.V14.csproj" Id="280d1ad4-75a1-48c8-a2f0-68552c349f0d" />
  </Folder>
  <Project Path="Tyuiu.SchechkaII.Sprint1.Task0.V14.Test/Tyuiu.SchechkaII.Sprint1.Task0.V14.Test.csproj" Id="1dd2bddd-de0e-41f4-93d3-cf5e91ee8b5e" />
</Solution>
